// !$*UTF8*$!
{
	archiveVersion = 1;
	classes = {
	};
	objectVersion = 55;
	objects = {

/* Begin PBXBuildFile section */
		88010B0528D472810017F954 /* Pods_app_design.framework in Frameworks */ = {isa = PBXBuildFile; fileRef = 28E282CBD9CE0CF434FEA980 /* Pods_app_design.framework */; };
		88010B0628D472810017F954 /* Pods_app_design.framework in Embed Frameworks */ = {isa = PBXBuildFile; fileRef = 28E282CBD9CE0CF434FEA980 /* Pods_app_design.framework */; settings = {ATTRIBUTES = (CodeSignOnCopy, RemoveHeadersOnCopy, ); }; };
		8884267E28CB6FCE00296F22 /* APIClient.swift in Sources */ = {isa = PBXBuildFile; fileRef = 8884267D28CB6FCE00296F22 /* APIClient.swift */; };
		8884268028CB75BC00296F22 /* Constants.swift in Sources */ = {isa = PBXBuildFile; fileRef = 8884267F28CB75BC00296F22 /* Constants.swift */; };
		8891395928CA1CF400E18AB0 /* AppDelegate.swift in Sources */ = {isa = PBXBuildFile; fileRef = 8891395828CA1CF400E18AB0 /* AppDelegate.swift */; };
		8891395B28CA1CF400E18AB0 /* SceneDelegate.swift in Sources */ = {isa = PBXBuildFile; fileRef = 8891395A28CA1CF400E18AB0 /* SceneDelegate.swift */; };
		8891395D28CA1CF400E18AB0 /* ViewController.swift in Sources */ = {isa = PBXBuildFile; fileRef = 8891395C28CA1CF400E18AB0 /* ViewController.swift */; };
		8891396028CA1CF400E18AB0 /* Main.storyboard in Resources */ = {isa = PBXBuildFile; fileRef = 8891395E28CA1CF400E18AB0 /* Main.storyboard */; };
		8891396228CA1CF500E18AB0 /* Assets.xcassets in Resources */ = {isa = PBXBuildFile; fileRef = 8891396128CA1CF500E18AB0 /* Assets.xcassets */; };
		8891396528CA1CF500E18AB0 /* LaunchScreen.storyboard in Resources */ = {isa = PBXBuildFile; fileRef = 8891396328CA1CF500E18AB0 /* LaunchScreen.storyboard */; };
		8891396D28CA200500E18AB0 /* LoginVC.swift in Sources */ = {isa = PBXBuildFile; fileRef = 8891396C28CA200500E18AB0 /* LoginVC.swift */; };
/* End PBXBuildFile section */

/* Begin PBXCopyFilesBuildPhase section */
		88010B0728D472810017F954 /* Embed Frameworks */ = {
			isa = PBXCopyFilesBuildPhase;
			buildActionMask = 2147483647;
			dstPath = "";
			dstSubfolderSpec = 10;
			files = (
				88010B0628D472810017F954 /* Pods_app_design.framework in Embed Frameworks */,
			);
			name = "Embed Frameworks";
			runOnlyForDeploymentPostprocessing = 0;
		};
/* End PBXCopyFilesBuildPhase section */

/* Begin PBXFileReference section */
		28E282CBD9CE0CF434FEA980 /* Pods_app_design.framework */ = {isa = PBXFileReference; explicitFileType = wrapper.framework; includeInIndex = 0; path = Pods_app_design.framework; sourceTree = BUILT_PRODUCTS_DIR; };
		645B19D7261BB46946710F0D /* Pods-app design.release.xcconfig */ = {isa = PBXFileReference; includeInIndex = 1; lastKnownFileType = text.xcconfig; name = "Pods-app design.release.xcconfig"; path = "Target Support Files/Pods-app design/Pods-app design.release.xcconfig"; sourceTree = "<group>"; };
		8884267D28CB6FCE00296F22 /* APIClient.swift */ = {isa = PBXFileReference; lastKnownFileType = sourcecode.swift; path = APIClient.swift; sourceTree = "<group>"; };
		8884267F28CB75BC00296F22 /* Constants.swift */ = {isa = PBXFileReference; lastKnownFileType = sourcecode.swift; path = Constants.swift; sourceTree = "<group>"; };
		8891395528CA1CF400E18AB0 /* app design.app */ = {isa = PBXFileReference; explicitFileType = wrapper.application; includeInIndex = 0; path = "app design.app"; sourceTree = BUILT_PRODUCTS_DIR; };
		8891395828CA1CF400E18AB0 /* AppDelegate.swift */ = {isa = PBXFileReference; lastKnownFileType = sourcecode.swift; path = AppDelegate.swift; sourceTree = "<group>"; };
		8891395A28CA1CF400E18AB0 /* SceneDelegate.swift */ = {isa = PBXFileReference; lastKnownFileType = sourcecode.swift; path = SceneDelegate.swift; sourceTree = "<group>"; };
		8891395C28CA1CF400E18AB0 /* ViewController.swift */ = {isa = PBXFileReference; lastKnownFileType = sourcecode.swift; path = ViewController.swift; sourceTree = "<group>"; };
		8891395F28CA1CF400E18AB0 /* Base */ = {isa = PBXFileReference; lastKnownFileType = file.storyboard; name = Base; path = Base.lproj/Main.storyboard; sourceTree = "<group>"; };
		8891396128CA1CF500E18AB0 /* Assets.xcassets */ = {isa = PBXFileReference; lastKnownFileType = folder.assetcatalog; path = Assets.xcassets; sourceTree = "<group>"; };
		8891396428CA1CF500E18AB0 /* Base */ = {isa = PBXFileReference; lastKnownFileType = file.storyboard; name = Base; path = Base.lproj/LaunchScreen.storyboard; sourceTree = "<group>"; };
		8891396628CA1CF500E18AB0 /* Info.plist */ = {isa = PBXFileReference; lastKnownFileType = text.plist.xml; path = Info.plist; sourceTree = "<group>"; };
		8891396C28CA200500E18AB0 /* LoginVC.swift */ = {isa = PBXFileReference; lastKnownFileType = sourcecode.swift; path = LoginVC.swift; sourceTree = "<group>"; };
		EFA7377EACEFA4DF5B998322 /* Pods-app design.debug.xcconfig */ = {isa = PBXFileReference; includeInIndex = 1; lastKnownFileType = text.xcconfig; name = "Pods-app design.debug.xcconfig"; path = "Target Support Files/Pods-app design/Pods-app design.debug.xcconfig"; sourceTree = "<group>"; };
/* End PBXFileReference section */

/* Begin PBXFrameworksBuildPhase section */
		8891395228CA1CF400E18AB0 /* Frameworks */ = {
			isa = PBXFrameworksBuildPhase;
			buildActionMask = 2147483647;
			files = (
				88010B0528D472810017F954 /* Pods_app_design.framework in Frameworks */,
			);
			runOnlyForDeploymentPostprocessing = 0;
		};
/* End PBXFrameworksBuildPhase section */

/* Begin PBXGroup section */
		8891394C28CA1CF400E18AB0 = {
			isa = PBXGroup;
			children = (
				8891395728CA1CF400E18AB0 /* app design */,
				8891395628CA1CF400E18AB0 /* Products */,
				E5D476F7E1C1732041A92D5C /* Pods */,
				C6BAC553B92B341C673622B8 /* Frameworks */,
			);
			sourceTree = "<group>";
		};
		8891395628CA1CF400E18AB0 /* Products */ = {
			isa = PBXGroup;
			children = (
				8891395528CA1CF400E18AB0 /* app design.app */,
			);
			name = Products;
			sourceTree = "<group>";
		};
		8891395728CA1CF400E18AB0 /* app design */ = {
			isa = PBXGroup;
			children = (
				8891395828CA1CF400E18AB0 /* AppDelegate.swift */,
				8891395A28CA1CF400E18AB0 /* SceneDelegate.swift */,
				8891395C28CA1CF400E18AB0 /* ViewController.swift */,
				8891395E28CA1CF400E18AB0 /* Main.storyboard */,
				8891396C28CA200500E18AB0 /* LoginVC.swift */,
				8891396128CA1CF500E18AB0 /* Assets.xcassets */,
				8891396328CA1CF500E18AB0 /* LaunchScreen.storyboard */,
				8891396628CA1CF500E18AB0 /* Info.plist */,
				8884267D28CB6FCE00296F22 /* APIClient.swift */,
				8884267F28CB75BC00296F22 /* Constants.swift */,
			);
			path = "app design";
			sourceTree = "<group>";
		};
		C6BAC553B92B341C673622B8 /* Frameworks */ = {
			isa = PBXGroup;
			children = (
				28E282CBD9CE0CF434FEA980 /* Pods_app_design.framework */,
			);
			name = Frameworks;
			sourceTree = "<group>";
		};
		E5D476F7E1C1732041A92D5C /* Pods */ = {
			isa = PBXGroup;
			children = (
				EFA7377EACEFA4DF5B998322 /* Pods-app design.debug.xcconfig */,
				645B19D7261BB46946710F0D /* Pods-app design.release.xcconfig */,
			);
			path = Pods;
			sourceTree = "<group>";
		};
/* End PBXGroup section */

/* Begin PBXNativeTarget section */
		8891395428CA1CF400E18AB0 /* app design */ = {
			isa = PBXNativeTarget;
			buildConfigurationList = 8891396928CA1CF500E18AB0 /* Build configuration list for PBXNativeTarget "app design" */;
			buildPhases = (
				1A6E8DE187B1AB8D545727A7 /* [CP] Check Pods Manifest.lock */,
				8891395128CA1CF400E18AB0 /* Sources */,
				8891395228CA1CF400E18AB0 /* Frameworks */,
				8891395328CA1CF400E18AB0 /* Resources */,
				88010B0728D472810017F954 /* Embed Frameworks */,
			);
			buildRules = (
			);
			dependencies = (
			);
			name = "app design";
			productName = "app design";
			productReference = 8891395528CA1CF400E18AB0 /* app design.app */;
			productType = "com.apple.product-type.application";
		};
/* End PBXNativeTarget section */

/* Begin PBXProject section */
		8891394D28CA1CF400E18AB0 /* Project object */ = {
			isa = PBXProject;
			attributes = {
				BuildIndependentTargetsInParallel = 1;
				LastSwiftUpdateCheck = 1340;
				LastUpgradeCheck = 1340;
				TargetAttributes = {
					8891395428CA1CF400E18AB0 = {
						CreatedOnToolsVersion = 13.4.1;
					};
				};
			};
			buildConfigurationList = 8891395028CA1CF400E18AB0 /* Build configuration list for PBXProject "app design" */;
			compatibilityVersion = "Xcode 13.0";
			developmentRegion = en;
			hasScannedForEncodings = 0;
			knownRegions = (
				en,
				Base,
			);
			mainGroup = 8891394C28CA1CF400E18AB0;
			productRefGroup = 8891395628CA1CF400E18AB0 /* Products */;
			projectDirPath = "";
			projectRoot = "";
			targets = (
				8891395428CA1CF400E18AB0 /* app design */,
			);
		};
/* End PBXProject section */

/* Begin PBXResourcesBuildPhase section */
		8891395328CA1CF400E18AB0 /* Resources */ = {
			isa = PBXResourcesBuildPhase;
			buildActionMask = 2147483647;
			files = (
				8891396528CA1CF500E18AB0 /* LaunchScreen.storyboard in Resources */,
				8891396228CA1CF500E18AB0 /* Assets.xcassets in Resources */,
				8891396028CA1CF400E18AB0 /* Main.storyboard in Resources */,
			);
			runOnlyForDeploymentPostprocessing = 0;
		};
/* End PBXResourcesBuildPhase section */

/* Begin PBXShellScriptBuildPhase section */
		1A6E8DE187B1AB8D545727A7 /* [CP] Check Pods Manifest.lock */ = {
			isa = PBXShellScriptBuildPhase;
			buildActionMask = 2147483647;
			files = (
			);
			inputFileListPaths = (
			);
			inputPaths = (
				"${PODS_PODFILE_DIR_PATH}/Podfile.lock",
				"${PODS_ROOT}/Manifest.lock",
			);
			name = "[CP] Check Pods Manifest.lock";
			outputFileListPaths = (
			);
			outputPaths = (
				"$(DERIVED_FILE_DIR)/Pods-app design-checkManifestLockResult.txt",
			);
			runOnlyForDeploymentPostprocessing = 0;
			shellPath = /bin/sh;
			shellScript = "diff \"${PODS_PODFILE_DIR_PATH}/Podfile.lock\" \"${PODS_ROOT}/Manifest.lock\" > /dev/null\nif [ $? != 0 ] ; then\n    # print error to STDERR\n    echo \"error: The sandbox is not in sync with the Podfile.lock. Run 'pod install' or update your CocoaPods installation.\" >&2\n    exit 1\nfi\n# This output is used by Xcode 'outputs' to avoid re-running this script phase.\necho \"SUCCESS\" > \"${SCRIPT_OUTPUT_FILE_0}\"\n";
			showEnvVarsInLog = 0;
		};
/* End PBXShellScriptBuildPhase section */

/* Begin PBXSourcesBuildPhase section */
		8891395128CA1CF400E18AB0 /* Sources */ = {
			isa = PBXSourcesBuildPhase;
			buildActionMask = 2147483647;
			files = (
				8891395D28CA1CF400E18AB0 /* ViewController.swift in Sources */,
				8891395928CA1CF400E18AB0 /* AppDelegate.swift in Sources */,
				8891396D28CA200500E18AB0 /* LoginVC.swift in Sources */,
				8884267E28CB6FCE00296F22 /* APIClient.swift in Sources */,
				8891395B28CA1CF400E18AB0 /* SceneDelegate.swift in Sources */,
				8884268028CB75BC00296F22 /* Constants.swift in Sources */,
			);
			runOnlyForDeploymentPostprocessing = 0;
		};
/* End PBXSourcesBuildPhase section */

/* Begin PBXVariantGroup section */
		8891395E28CA1CF400E18AB0 /* Main.storyboard */ = {
			isa = PBXVariantGroup;
			children = (
				8891395F28CA1CF400E18AB0 /* Base */,
			);
			name = Main.storyboard;
			sourceTree = "<group>";
		};
		8891396328CA1CF500E18AB0 /* LaunchScreen.storyboard */ = {
			isa = PBXVariantGroup;
			children = (
				8891396428CA1CF500E18AB0 /* Base */,
			);
			name = LaunchScreen.storyboard;
			sourceTree = "<group>";
		};
/* End PBXVariantGroup section */

/* Begin XCBuildConfiguration section */
		8891396728CA1CF500E18AB0 /* Debug */ = {
			isa = XCBuildConfiguration;
			buildSettings = {
				ALWAYS_SEARCH_USER_PATHS = NO;
				CLANG_ANALYZER_NONNULL = YES;
				CLANG_ANALYZER_NUMBER_OBJECT_CONVERSION = YES_AGGRESSIVE;
				CLANG_CXX_LANGUAGE_STANDARD = "gnu++17";
				CLANG_ENABLE_MODULES = YES;
				CLANG_ENABLE_OBJC_ARC = YES;
				CLANG_ENABLE_OBJC_WEAK = YES;
				CLANG_WARN_BLOCK_CAPTURE_AUTORELEASING = YES;
				CLANG_WARN_BOOL_CONVERSION = YES;
				CLANG_WARN_COMMA = YES;
				CLANG_WARN_CONSTANT_CONVERSION = YES;
				CLANG_WARN_DEPRECATED_OBJC_IMPLEMENTATIONS = YES;
				CLANG_WARN_DIRECT_OBJC_ISA_USAGE = YES_ERROR;
				CLANG_WARN_DOCUMENTATION_COMMENTS = YES;
				CLANG_WARN_EMPTY_BODY = YES;
				CLANG_WARN_ENUM_CONVERSION = YES;
				CLANG_WARN_INFINITE_RECURSION = YES;
				CLANG_WARN_INT_CONVERSION = YES;
				CLANG_WARN_NON_LITERAL_NULL_CONVERSION = YES;
				CLANG_WARN_OBJC_IMPLICIT_RETAIN_SELF = YES;
				CLANG_WARN_OBJC_LITERAL_CONVERSION = YES;
				CLANG_WARN_OBJC_ROOT_CLASS = YES_ERROR;
				CLANG_WARN_QUOTED_INCLUDE_IN_FRAMEWORK_HEADER = YES;
				CLANG_WARN_RANGE_LOOP_ANALYSIS = YES;
				CLANG_WARN_STRICT_PROTOTYPES = YES;
				CLANG_WARN_SUSPICIOUS_MOVE = YES;
				CLANG_WARN_UNGUARDED_AVAILABILITY = YES_AGGRESSIVE;
				CLANG_WARN_UNREACHABLE_CODE = YES;
				CLANG_WARN__DUPLICATE_METHOD_MATCH = YES;
				COPY_PHASE_STRIP = NO;
				DEBUG_INFORMATION_FORMAT = dwarf;
				ENABLE_STRICT_OBJC_MSGSEND = YES;
				ENABLE_TESTABILITY = YES;
				GCC_C_LANGUAGE_STANDARD = gnu11;
				GCC_DYNAMIC_NO_PIC = NO;
				GCC_NO_COMMON_BLOCKS = YES;
				GCC_OPTIMIZATION_LEVEL = 0;
				GCC_PREPROCESSOR_DEFINITIONS = (
					"DEBUG=1",
					"$(inherited)",
				);
				GCC_WARN_64_TO_32_BIT_CONVERSION = YES;
				GCC_WARN_ABOUT_RETURN_TYPE = YES_ERROR;
				GCC_WARN_UNDECLARED_SELECTOR = YES;
				GCC_WARN_UNINITIALIZED_AUTOS = YES_AGGRESSIVE;
				GCC_WARN_UNUSED_FUNCTION = YES;
				GCC_WARN_UNUSED_VARIABLE = YES;
				IPHONEOS_DEPLOYMENT_TARGET = 15.5;
				MTL_ENABLE_DEBUG_INFO = INCLUDE_SOURCE;
				MTL_FAST_MATH = YES;
				ONLY_ACTIVE_ARCH = YES;
				SDKROOT = iphoneos;
				SWIFT_ACTIVE_COMPILATION_CONDITIONS = DEBUG;
				SWIFT_OPTIMIZATION_LEVEL = "-Onone";
			};
			name = Debug;
		};
		8891396828CA1CF500E18AB0 /* Release */ = {
			isa = XCBuildConfiguration;
			buildSettings = {
				ALWAYS_SEARCH_USER_PATHS = NO;
				CLANG_ANALYZER_NONNULL = YES;
				CLANG_ANALYZER_NUMBER_OBJECT_CONVERSION = YES_AGGRESSIVE;
				CLANG_CXX_LANGUAGE_STANDARD = "gnu++17";
				CLANG_ENABLE_MODULES = YES;
				CLANG_ENABLE_OBJC_ARC = YES;
				CLANG_ENABLE_OBJC_WEAK = YES;
				CLANG_WARN_BLOCK_CAPTURE_AUTORELEASING = YES;
				CLANG_WARN_BOOL_CONVERSION = YES;
				CLANG_WARN_COMMA = YES;
				CLANG_WARN_CONSTANT_CONVERSION = YES;
				CLANG_WARN_DEPRECATED_OBJC_IMPLEMENTATIONS = YES;
				CLANG_WARN_DIRECT_OBJC_ISA_USAGE = YES_ERROR;
				CLANG_WARN_DOCUMENTATION_COMMENTS = YES;
				CLANG_WARN_EMPTY_BODY = YES;
				CLANG_WARN_ENUM_CONVERSION = YES;
				CLANG_WARN_INFINITE_RECURSION = YES;
				CLANG_WARN_INT_CONVERSION = YES;
				CLANG_WARN_NON_LITERAL_NULL_CONVERSION = YES;
				CLANG_WARN_OBJC_IMPLICIT_RETAIN_SELF = YES;
				CLANG_WARN_OBJC_LITERAL_CONVERSION = YES;
				CLANG_WARN_OBJC_ROOT_CLASS = YES_ERROR;
				CLANG_WARN_QUOTED_INCLUDE_IN_FRAMEWORK_HEADER = YES;
				CLANG_WARN_RANGE_LOOP_ANALYSIS = YES;
				CLANG_WARN_STRICT_PROTOTYPES = YES;
				CLANG_WARN_SUSPICIOUS_MOVE = YES;
				CLANG_WARN_UNGUARDED_AVAILABILITY = YES_AGGRESSIVE;
				CLANG_WARN_UNREACHABLE_CODE = YES;
				CLANG_WARN__DUPLICATE_METHOD_MATCH = YES;
				COPY_PHASE_STRIP = NO;
				DEBUG_INFORMATION_FORMAT = "dwarf-with-dsym";
				ENABLE_NS_ASSERTIONS = NO;
				ENABLE_STRICT_OBJC_MSGSEND = YES;
				GCC_C_LANGUAGE_STANDARD = gnu11;
				GCC_NO_COMMON_BLOCKS = YES;
				GCC_WARN_64_TO_32_BIT_CONVERSION = YES;
				GCC_WARN_ABOUT_RETURN_TYPE = YES_ERROR;
				GCC_WARN_UNDECLARED_SELECTOR = YES;
				GCC_WARN_UNINITIALIZED_AUTOS = YES_AGGRESSIVE;
				GCC_WARN_UNUSED_FUNCTION = YES;
				GCC_WARN_UNUSED_VARIABLE = YES;
				IPHONEOS_DEPLOYMENT_TARGET = 15.5;
				MTL_ENABLE_DEBUG_INFO = NO;
				MTL_FAST_MATH = YES;
				SDKROOT = iphoneos;
				SWIFT_COMPILATION_MODE = wholemodule;
				SWIFT_OPTIMIZATION_LEVEL = "-O";
				VALIDATE_PRODUCT = YES;
			};
			name = Release;
		};
		8891396A28CA1CF500E18AB0 /* Debug */ = {
			isa = XCBuildConfiguration;
			baseConfigurationReference = EFA7377EACEFA4DF5B998322 /* Pods-app design.debug.xcconfig */;
			buildSettings = {
				ASSETCATALOG_COMPILER_APPICON_NAME = AppIcon;
				ASSETCATALOG_COMPILER_GLOBAL_ACCENT_COLOR_NAME = AccentColor;
				CODE_SIGN_STYLE = Automatic;
				CURRENT_PROJECT_VERSION = 1;
				DEVELOPMENT_TEAM = 7XCUV92DLH;
				GENERATE_INFOPLIST_FILE = YES;
				INFOPLIST_FILE = "app design/Info.plist";
				INFOPLIST_KEY_UIApplicationSupportsIndirectInputEvents = YES;
				INFOPLIST_KEY_UILaunchStoryboardName = LaunchScreen;
				INFOPLIST_KEY_UIMainStoryboardFile = Main;
				INFOPLIST_KEY_UISupportedInterfaceOrientations_iPad = "UIInterfaceOrientationPortrait UIInterfaceOrientationPortraitUpsideDown UIInterfaceOrientationLandscapeLeft UIInterfaceOrientationLandscapeRight";
				INFOPLIST_KEY_UISupportedInterfaceOrientations_iPhone = "UIInterfaceOrientationPortrait UIInterfaceOrientationLandscapeLeft UIInterfaceOrientationLandscapeRight";
				LD_RUNPATH_SEARCH_PATHS = (
					"$(inherited)",
					"@executable_path/Frameworks",
				);
				MARKETING_VERSION = 1.0;
				PRODUCT_BUNDLE_IDENTIFIER = "Samp-Solution.app-design";
				PRODUCT_NAME = "$(TARGET_NAME)";
				SWIFT_EMIT_LOC_STRINGS = YES;
				SWIFT_VERSION = 5.0;
				TARGETED_DEVICE_FAMILY = "1,2";
			};
			name = Debug;
		};
		8891396B28CA1CF500E18AB0 /* Release */ = {
			isa = XCBuildConfiguration;
			baseConfigurationReference = 645B19D7261BB46946710F0D /* Pods-app design.release.xcconfig */;
			buildSettings = {
				ASSETCATALOG_COMPILER_APPICON_NAME = AppIcon;
				ASSETCATALOG_COMPILER_GLOBAL_ACCENT_COLOR_NAME = AccentColor;
				CODE_SIGN_STYLE = Automatic;
				CURRENT_PROJECT_VERSION = 1;
				DEVELOPMENT_TEAM = 7XCUV92DLH;
				GENERATE_INFOPLIST_FILE = YES;
				INFOPLIST_FILE = "app design/Info.plist";
				INFOPLIST_KEY_UIApplicationSupportsIndirectInputEvents = YES;
				INFOPLIST_KEY_UILaunchStoryboardName = LaunchScreen;
				INFOPLIST_KEY_UIMainStoryboardFile = Main;
				INFOPLIST_KEY_UISupportedInterfaceOrientations_iPad = "UIInterfaceOrientationPortrait UIInterfaceOrientationPortraitUpsideDown UIInterfaceOrientationLandscapeLeft UIInterfaceOrientationLandscapeRight";
				INFOPLIST_KEY_UISupportedInterfaceOrientations_iPhone = "UIInterfaceOrientationPortrait UIInterfaceOrientationLandscapeLeft UIInterfaceOrientationLandscapeRight";
				LD_RUNPATH_SEARCH_PATHS = (
					"$(inherited)",
					"@executable_path/Frameworks",
				);
				MARKETING_VERSION = 1.0;
				PRODUCT_BUNDLE_IDENTIFIER = "Samp-Solution.app-design";
				PRODUCT_NAME = "$(TARGET_NAME)";
				SWIFT_EMIT_LOC_STRINGS = YES;
				SWIFT_VERSION = 5.0;
				TARGETED_DEVICE_FAMILY = "1,2";
			};
			name = Release;
		};
/* End XCBuildConfiguration section */

/* Begin XCConfigurationList section */
		8891395028CA1CF400E18AB0 /* Build configuration list for PBXProject "app design" */ = {
			isa = XCConfigurationList;
			buildConfigurations = (
				8891396728CA1CF500E18AB0 /* Debug */,
				8891396828CA1CF500E18AB0 /* Release */,
			);
			defaultConfigurationIsVisible = 0;
			defaultConfigurationName = Release;
		};
		8891396928CA1CF500E18AB0 /* Build configuration list for PBXNativeTarget "app design" */ = {
			isa = XCConfigurationList;
			buildConfigurations = (
				8891396A28CA1CF500E18AB0 /* Debug */,
				8891396B28CA1CF500E18AB0 /* Release */,
			);
			defaultConfigurationIsVisible = 0;
			defaultConfigurationName = Release;
		};
/* End XCConfigurationList section */
	};
	rootObject = 8891394D28CA1CF400E18AB0 /* Project object */;
}
